
Microsoft Visual Studio Solution File, Format Version 12.00
# Visual Studio Version 17
VisualStudioVersion = 17.1.32421.90
MinimumVisualStudioVersion = 10.0.40219.1
Project("{9A19103F-16F7-4668-BE54-9A1E7A4F7556}") = "DataProtection.Web", "DataProtection.Web\DataProtection.Web.csproj", "{523E691A-ECFD-4F8D-8A8F-F910E0B4A2A3}"
EndProject
Project("{2150E333-8FDC-42A3-9474-1A3956D46DE8}") = "Solution Items", "Solution Items", "{FC0F3DA2-6B80-4A11-A6F9-0AD8AF1D358B}"
	ProjectSection(SolutionItems) = preProject
		.editorconfig = .editorconfig
	EndProjectSection
EndProject
Project("{9A19103F-16F7-4668-BE54-9A1E7A4F7556}") = "WhiteBlackList.Web", "WhiteBlackList.Web\WhiteBlackList.Web.csproj", "{161CDFD9-B67B-4E42-9B07-37AA0C95A769}"
EndProject
Project("{FAE04EC0-301F-11D3-BF4B-00C04F79EFBC}") = "SecretProtection.Web", "SecretProtection.Web\SecretProtection.Web.csproj", "{7B13070D-E13B-4EE3-A88E-758EBA3247FC}"
EndProject
Project("{FAE04EC0-301F-11D3-BF4B-00C04F79EFBC}") = "MyWeb.API", "MyWeb.API\MyWeb.API.csproj", "{395CA34C-9176-40B3-9D49-9FF301C68A43}"
EndProject
Project("{FAE04EC0-301F-11D3-BF4B-00C04F79EFBC}") = "MyWeb.Web", "MyWeb.Web\MyWeb.Web.csproj", "{4F406BB2-A7D5-476C-B23D-EC1D48190404}"
EndProject
Global
	GlobalSection(SolutionConfigurationPlatforms) = preSolution
		Debug|Any CPU = Debug|Any CPU
		Release|Any CPU = Release|Any CPU
	EndGlobalSection
	GlobalSection(ProjectConfigurationPlatforms) = postSolution
		{523E691A-ECFD-4F8D-8A8F-F910E0B4A2A3}.Debug|Any CPU.ActiveCfg = Debug|Any CPU
		{523E691A-ECFD-4F8D-8A8F-F910E0B4A2A3}.Debug|Any CPU.Build.0 = Debug|Any CPU
		{523E691A-ECFD-4F8D-8A8F-F910E0B4A2A3}.Release|Any CPU.ActiveCfg = Release|Any CPU
		{523E691A-ECFD-4F8D-8A8F-F910E0B4A2A3}.Release|Any CPU.Build.0 = Release|Any CPU
		{161CDFD9-B67B-4E42-9B07-37AA0C95A769}.Debug|Any CPU.ActiveCfg = Debug|Any CPU
		{161CDFD9-B67B-4E42-9B07-37AA0C95A769}.Debug|Any CPU.Build.0 = Debug|Any CPU
		{161CDFD9-B67B-4E42-9B07-37AA0C95A769}.Release|Any CPU.ActiveCfg = Release|Any CPU
		{161CDFD9-B67B-4E42-9B07-37AA0C95A769}.Release|Any CPU.Build.0 = Release|Any CPU
		{7B13070D-E13B-4EE3-A88E-758EBA3247FC}.Debug|Any CPU.ActiveCfg = Debug|Any CPU
		{7B13070D-E13B-4EE3-A88E-758EBA3247FC}.Debug|Any CPU.Build.0 = Debug|Any CPU
		{7B13070D-E13B-4EE3-A88E-758EBA3247FC}.Release|Any CPU.ActiveCfg = Release|Any CPU
		{7B13070D-E13B-4EE3-A88E-758EBA3247FC}.Release|Any CPU.Build.0 = Release|Any CPU
		{395CA34C-9176-40B3-9D49-9FF301C68A43}.Debug|Any CPU.ActiveCfg = Debug|Any CPU
		{395CA34C-9176-40B3-9D49-9FF301C68A43}.Debug|Any CPU.Build.0 = Debug|Any CPU
		{395CA34C-9176-40B3-9D49-9FF301C68A43}.Release|Any CPU.ActiveCfg = Release|Any CPU
		{395CA34C-9176-40B3-9D49-9FF301C68A43}.Release|Any CPU.Build.0 = Release|Any CPU
		{4F406BB2-A7D5-476C-B23D-EC1D48190404}.Debug|Any CPU.ActiveCfg = Debug|Any CPU
		{4F406BB2-A7D5-476C-B23D-EC1D48190404}.Debug|Any CPU.Build.0 = Debug|Any CPU
		{4F406BB2-A7D5-476C-B23D-EC1D48190404}.Release|Any CPU.ActiveCfg = Release|Any CPU
		{4F406BB2-A7D5-476C-B23D-EC1D48190404}.Release|Any CPU.Build.0 = Release|Any CPU
	EndGlobalSection
	GlobalSection(SolutionProperties) = preSolution
		HideSolutionNode = FALSE
	EndGlobalSection
	GlobalSection(ExtensibilityGlobals) = postSolution
		SolutionGuid = {3235C0C6-38DF-4898-B9E3-2BC012BF83E8}
	EndGlobalSection
EndGlobal
